
Microsoft Visual Studio Solution File, Format Version 12.00
# Visual Studio Version 17
VisualStudioVersion = 17.3.32929.385
MinimumVisualStudioVersion = 10.0.40219.1
Project("{FAE04EC0-301F-11D3-BF4B-00C04F79EFBC}") = "NewProblems", "NewProblems\NewProblems.csproj", "{349CD616-7ECD-4A26-B42B-A8E23B621483}"
EndProject
Global
	GlobalSection(SolutionConfigurationPlatforms) = preSolution
		Debug|Any CPU = Debug|Any CPU
		Release|Any CPU = Release|Any CPU
	EndGlobalSection
	GlobalSection(ProjectConfigurationPlatforms) = postSolution
		{349CD616-7ECD-4A26-B42B-A8E23B621483}.Debug|Any CPU.ActiveCfg = Debug|Any CPU
		{349CD616-7ECD-4A26-B42B-A8E23B621483}.Debug|Any CPU.Build.0 = Debug|Any CPU
		{349CD616-7ECD-4A26-B42B-A8E23B621483}.Release|Any CPU.ActiveCfg = Release|Any CPU
		{349CD616-7ECD-4A26-B42B-A8E23B621483}.Release|Any CPU.Build.0 = Release|Any CPU
	EndGlobalSection
	GlobalSection(SolutionProperties) = preSolution
		HideSolutionNode = FALSE
	EndGlobalSection
	GlobalSection(ExtensibilityGlobals) = postSolution
		SolutionGuid = {09896F6A-AFA5-4F90-84A1-FF8DFC48D241}
	EndGlobalSection
EndGlobal
